
Microsoft Visual Studio Solution File, Format Version 12.00
# Visual Studio 15
VisualStudioVersion = 15.0.27130.2010
MinimumVisualStudioVersion = 10.0.40219.1
Project("{9A19103F-16F7-4668-BE54-9A1E7A4F7556}") = "WebApplication1", "WebApplication1\WebApplication1.csproj", "{955D30EF-0267-4C81-99FB-F1D0082415C2}"
EndProject
Project("{FAE04EC0-301F-11D3-BF4B-00C04F79EFBC}") = "WebApplication1.Library", "WebApplication1.Library\WebApplication1.Library.csproj", "{37D63518-65E8-4912-9B73-CE54153D2979}"
EndProject
Global
	GlobalSection(SolutionConfigurationPlatforms) = preSolution
		Debug|Any CPU = Debug|Any CPU
		Release|Any CPU = Release|Any CPU
	EndGlobalSection
	GlobalSection(ProjectConfigurationPlatforms) = postSolution
		{955D30EF-0267-4C81-99FB-F1D0082415C2}.Debug|Any CPU.ActiveCfg = Debug|Any CPU
		{955D30EF-0267-4C81-99FB-F1D0082415C2}.Debug|Any CPU.Build.0 = Debug|Any CPU
		{955D30EF-0267-4C81-99FB-F1D0082415C2}.Release|Any CPU.ActiveCfg = Release|Any CPU
		{955D30EF-0267-4C81-99FB-F1D0082415C2}.Release|Any CPU.Build.0 = Release|Any CPU
		{37D63518-65E8-4912-9B73-CE54153D2979}.Debug|Any CPU.ActiveCfg = Debug|Any CPU
		{37D63518-65E8-4912-9B73-CE54153D2979}.Debug|Any CPU.Build.0 = Debug|Any CPU
		{37D63518-65E8-4912-9B73-CE54153D2979}.Release|Any CPU.ActiveCfg = Release|Any CPU
		{37D63518-65E8-4912-9B73-CE54153D2979}.Release|Any CPU.Build.0 = Release|Any CPU
	EndGlobalSection
	GlobalSection(SolutionProperties) = preSolution
		HideSolutionNode = FALSE
	EndGlobalSection
	GlobalSection(ExtensibilityGlobals) = postSolution
		SolutionGuid = {A7C78A05-3E94-42BA-ACB2-B929E67074D0}
	EndGlobalSection
EndGlobal
